
Microsoft Visual Studio Solution File, Format Version 12.00
# Visual Studio Version 16
VisualStudioVersion = 25.0.1706.0
MinimumVisualStudioVersion = 10.0.40219.1
Project("{FAE04EC0-301F-11D3-BF4B-00C04F79EFBC}") = "MyExampleMVC", "MyExampleMVC\MyExampleMVC.csproj", "{47243C79-7EB1-464C-B349-27DBF495EB63}"
EndProject
Global
	GlobalSection(SolutionConfigurationPlatforms) = preSolution
		Debug|Any CPU = Debug|Any CPU
		Release|Any CPU = Release|Any CPU
	EndGlobalSection
	GlobalSection(ProjectConfigurationPlatforms) = postSolution
		{47243C79-7EB1-464C-B349-27DBF495EB63}.Debug|Any CPU.ActiveCfg = Debug|Any CPU
		{47243C79-7EB1-464C-B349-27DBF495EB63}.Debug|Any CPU.Build.0 = Debug|Any CPU
		{47243C79-7EB1-464C-B349-27DBF495EB63}.Release|Any CPU.ActiveCfg = Release|Any CPU
		{47243C79-7EB1-464C-B349-27DBF495EB63}.Release|Any CPU.Build.0 = Release|Any CPU
	EndGlobalSection
	GlobalSection(SolutionProperties) = preSolution
		HideSolutionNode = FALSE
	EndGlobalSection
	GlobalSection(ExtensibilityGlobals) = postSolution
		SolutionGuid = {2DB28252-7A90-43A3-A09F-FDF18C781695}
	EndGlobalSection
EndGlobal
